{
  "name": "@heymarco/element",
  "version": "1.0.5",
  "lockfileVersion": 1,
  "requires": true,
  "dependencies": {
    "@heymarco/border": {
      "version": "1.0.7",
      "resolved": "https://registry.npmjs.org/@heymarco/border/-/border-1.0.7.tgz",
      "integrity": "sha512-AcaNOgr8+5WBDmC44SgizZyk18/cZq0r5HKM1c4GdDXUlb7KcxTokFBlirO5bcm3Ff3ejMh3FtFS8rV2elv3+Q==",
      "requires": {
        "@heymarco/colors": "^1.0.10",
        "@heymarco/sass-class-template": "^1.0.6"
      }
    },
    "@heymarco/colors": {
      "version": "1.0.15",
      "resolved": "https://registry.npmjs.org/@heymarco/colors/-/colors-1.0.15.tgz",
      "integrity": "sha512-g9O9Mjb7li4oJYgN6xDClBUGr4fLuKunWLb4RBB9Btw8OJq3TayqHqPUCVaf01B1k7NBgtTxYz25RLlZm7nRGQ==",
      "requires": {
        "@heymarco/sass-class-template": "^1.0.6",
        "@heymarco/sass-selector": "^1.0.5",
        "@heymarco/sass-string": "^1.0.1"
      }
    },
    "@heymarco/sass-class-template": {
      "version": "1.0.6",
      "resolved": "https://registry.npmjs.org/@heymarco/sass-class-template/-/sass-class-template-1.0.6.tgz",
      "integrity": "sha512-31e4R3PpS6G5JEyGPuUBKM+V24Z8gFp7WORmksFztG9GlienO+bMYF+3RoFAikVXO4VEHPUM1fyyIYVjVVYoAw==",
      "requires": {
        "@heymarco/sass-selector": "^1.0.5",
        "@heymarco/sass-string": "^1.0.1"
      }
    },
    "@heymarco/sass-selector": {
      "version": "1.0.5",
      "resolved": "https://registry.npmjs.org/@heymarco/sass-selector/-/sass-selector-1.0.5.tgz",
      "integrity": "sha512-GQ7HH/ycx09jfZMitowJWDhr5lHpvaKjpkzOPmadzMCpxZLqZy+X8IzhJgsmrfnnYMeOEsUwhM02wZZQbrhXxA==",
      "requires": {
        "@heymarco/sass-string": "^1.0.1"
      }
    },
    "@heymarco/sass-string": {
      "version": "1.0.1",
      "resolved": "https://registry.npmjs.org/@heymarco/sass-string/-/sass-string-1.0.1.tgz",
      "integrity": "sha512-YH2CTse5Ku9XQC1R0F92FcFVzJLgBX+jQoR0I3/1cO20PCN/0diUeOfFvJDzMoVbnvqjXKmUsoAhHHvrsqYzMw=="
    },
    "@heymarco/spacer": {
      "version": "1.0.6",
      "resolved": "https://registry.npmjs.org/@heymarco/spacer/-/spacer-1.0.6.tgz",
      "integrity": "sha512-uxjYGjANwPmpW+03hIfPGk5THGP+x4Q2BGpuqJtrHrVGMwpNB1Qmri8Sl7B+7Z/GhU8XL3BsUvUG5zPaCkcdQw==",
      "requires": {
        "@heymarco/sass-class-template": "^1.0.6"
      }
    },
    "@heymarco/typography": {
      "version": "1.0.10",
      "resolved": "https://registry.npmjs.org/@heymarco/typography/-/typography-1.0.10.tgz",
      "integrity": "sha512-r0dt8L6JhZUukxu6f7JtnDNmiR/IFhSDNtzdv9T8Gl6BfbUXPwHTtnnr/8Hbxym5rsuWk2SZ0v6ji/iTJwvejQ==",
      "requires": {
        "@heymarco/border": "^1.0.7",
        "@heymarco/colors": "^1.0.10",
        "@heymarco/sass-class-template": "^1.0.6",
        "@heymarco/sass-selector": "^1.0.5",
        "@heymarco/sass-string": "^1.0.1",
        "@heymarco/spacer": "^1.0.6"
      }
    },
    "@types/jquery": {
      "version": "3.5.5",
      "resolved": "https://registry.npmjs.org/@types/jquery/-/jquery-3.5.5.tgz",
      "integrity": "sha512-6RXU9Xzpc6vxNrS6FPPapN1SxSHgQ336WC6Jj/N8q30OiaBZ00l1GBgeP7usjVZPivSkGUfL1z/WW6TX989M+w==",
      "requires": {
        "@types/sizzle": "*"
      }
    },
    "@types/sizzle": {
      "version": "2.3.2",
      "resolved": "https://registry.npmjs.org/@types/sizzle/-/sizzle-2.3.2.tgz",
      "integrity": "sha512-7EJYyKTL7tFR8+gDbB6Wwz/arpGa0Mywk1TJbNzKzHtzbwVmY4HR9WqS5VV7dsBUKQmPNr192jHr/VpBluj/hg=="
    },
    "jquery": {
      "version": "3.5.1",
      "resolved": "https://registry.npmjs.org/jquery/-/jquery-3.5.1.tgz",
      "integrity": "sha512-XwIBPqcMn57FxfT+Go5pzySnm4KWkT1Tv7gjrpT1srtf8Weynl6R273VJ5GjkRb51IzMp5nbaPjJXMWeju2MKg=="
    },
    "jquery-wrapper-class": {
      "version": "1.0.13",
      "resolved": "https://registry.npmjs.org/jquery-wrapper-class/-/jquery-wrapper-class-1.0.13.tgz",
      "integrity": "sha512-n7hYlK+f5wLumrhG/ECEvKvMRtAH6Q8NuLCagNRpm0IQaQIg6ezAmSE6q4Byqk3K+ww+TvsfzWFetdheF5moNA==",
      "requires": {
        "@types/jquery": "^3.5.4",
        "jquery": "^3.5.1"
      }
    }
  }
}
